// !$*UTF8*$!
{
	archiveVersion = 1;
	classes = {
	};
	objectVersion = 50;
	objects = {

/* Begin PBXBuildFile section */
		40ECB55F2122FBCE00F03744 /* AppDelegate.swift in Sources */ = {isa = PBXBuildFile; fileRef = 40ECB55E2122FBCE00F03744 /* AppDelegate.swift */; };
		40ECB5612122FBCE00F03744 /* ViewController.swift in Sources */ = {isa = PBXBuildFile; fileRef = 40ECB5602122FBCE00F03744 /* ViewController.swift */; };
		40ECB5632122FBD000F03744 /* Assets.xcassets in Resources */ = {isa = PBXBuildFile; fileRef = 40ECB5622122FBD000F03744 /* Assets.xcassets */; };
		40ECB5662122FBD000F03744 /* Main.storyboard in Resources */ = {isa = PBXBuildFile; fileRef = 40ECB5642122FBD000F03744 /* Main.storyboard */; };
		40F5AB7B212534D0000EB383 /* Tasks.swift in Sources */ = {isa = PBXBuildFile; fileRef = 40F5AB7A212534D0000EB383 /* Tasks.swift */; };
		40F5AB8021255057000EB383 /* OAuth2.framework in Frameworks */ = {isa = PBXBuildFile; fileRef = 40F5AB7F21255057000EB383 /* OAuth2.framework */; };
		40F5AB8C21256187000EB383 /* secret.swift in Sources */ = {isa = PBXBuildFile; fileRef = 40F5AB8B21256187000EB383 /* secret.swift */; };
/* End PBXBuildFile section */

/* Begin PBXFileReference section */
		40ECB55B2122FBCE00F03744 /* tasks-on-bar.app */ = {isa = PBXFileReference; explicitFileType = wrapper.application; includeInIndex = 0; path = "tasks-on-bar.app"; sourceTree = BUILT_PRODUCTS_DIR; };
		40ECB55E2122FBCE00F03744 /* AppDelegate.swift */ = {isa = PBXFileReference; lastKnownFileType = sourcecode.swift; path = AppDelegate.swift; sourceTree = "<group>"; };
		40ECB5602122FBCE00F03744 /* ViewController.swift */ = {isa = PBXFileReference; lastKnownFileType = sourcecode.swift; path = ViewController.swift; sourceTree = "<group>"; };
		40ECB5622122FBD000F03744 /* Assets.xcassets */ = {isa = PBXFileReference; lastKnownFileType = folder.assetcatalog; path = Assets.xcassets; sourceTree = "<group>"; };
		40ECB5652122FBD000F03744 /* Base */ = {isa = PBXFileReference; lastKnownFileType = file.storyboard; name = Base; path = Base.lproj/Main.storyboard; sourceTree = "<group>"; };
		40ECB5672122FBD000F03744 /* Info.plist */ = {isa = PBXFileReference; lastKnownFileType = text.plist.xml; path = Info.plist; sourceTree = "<group>"; };
		40ECB5682122FBD000F03744 /* tasks_on_bar.entitlements */ = {isa = PBXFileReference; lastKnownFileType = text.plist.entitlements; path = tasks_on_bar.entitlements; sourceTree = "<group>"; };
		40F5AB7A212534D0000EB383 /* Tasks.swift */ = {isa = PBXFileReference; lastKnownFileType = sourcecode.swift; path = Tasks.swift; sourceTree = "<group>"; };
		40F5AB7F21255057000EB383 /* OAuth2.framework */ = {isa = PBXFileReference; lastKnownFileType = wrapper.framework; name = OAuth2.framework; path = Carthage/Build/Mac/OAuth2.framework; sourceTree = "<group>"; };
		40F5AB8B21256187000EB383 /* secret.swift */ = {isa = PBXFileReference; lastKnownFileType = sourcecode.swift; path = secret.swift; sourceTree = "<group>"; };
/* End PBXFileReference section */

/* Begin PBXFrameworksBuildPhase section */
		40ECB5582122FBCE00F03744 /* Frameworks */ = {
			isa = PBXFrameworksBuildPhase;
			buildActionMask = 2147483647;
			files = (
				40F5AB8021255057000EB383 /* OAuth2.framework in Frameworks */,
			);
			runOnlyForDeploymentPostprocessing = 0;
		};
/* End PBXFrameworksBuildPhase section */

/* Begin PBXGroup section */
		40ECB5522122FBCE00F03744 = {
			isa = PBXGroup;
			children = (
				40ECB55D2122FBCE00F03744 /* tasks-on-bar */,
				40ECB55C2122FBCE00F03744 /* Products */,
				40F5AB7E21255056000EB383 /* Frameworks */,
			);
			sourceTree = "<group>";
		};
		40ECB55C2122FBCE00F03744 /* Products */ = {
			isa = PBXGroup;
			children = (
				40ECB55B2122FBCE00F03744 /* tasks-on-bar.app */,
			);
			name = Products;
			sourceTree = "<group>";
		};
		40ECB55D2122FBCE00F03744 /* tasks-on-bar */ = {
			isa = PBXGroup;
			children = (
				40ECB55E2122FBCE00F03744 /* AppDelegate.swift */,
				40ECB5602122FBCE00F03744 /* ViewController.swift */,
				40F5AB7A212534D0000EB383 /* Tasks.swift */,
				40F5AB8B21256187000EB383 /* secret.swift */,
				40ECB5622122FBD000F03744 /* Assets.xcassets */,
				40ECB5642122FBD000F03744 /* Main.storyboard */,
				40ECB5672122FBD000F03744 /* Info.plist */,
				40ECB5682122FBD000F03744 /* tasks_on_bar.entitlements */,
			);
			path = "tasks-on-bar";
			sourceTree = "<group>";
		};
		40F5AB7E21255056000EB383 /* Frameworks */ = {
			isa = PBXGroup;
			children = (
				40F5AB7F21255057000EB383 /* OAuth2.framework */,
			);
			name = Frameworks;
			sourceTree = "<group>";
		};
/* End PBXGroup section */

/* Begin PBXNativeTarget section */
		40ECB55A2122FBCE00F03744 /* tasks-on-bar */ = {
			isa = PBXNativeTarget;
			buildConfigurationList = 40ECB5812122FBD000F03744 /* Build configuration list for PBXNativeTarget "tasks-on-bar" */;
			buildPhases = (
				40ECB5572122FBCE00F03744 /* Sources */,
				40ECB5582122FBCE00F03744 /* Frameworks */,
				40ECB5592122FBCE00F03744 /* Resources */,
				40F5AB812125507A000EB383 /* ShellScript */,
			);
			buildRules = (
			);
			dependencies = (
			);
			name = "tasks-on-bar";
			productName = "tasks-on-bar";
			productReference = 40ECB55B2122FBCE00F03744 /* tasks-on-bar.app */;
			productType = "com.apple.product-type.application";
		};
/* End PBXNativeTarget section */

/* Begin PBXProject section */
		40ECB5532122FBCE00F03744 /* Project object */ = {
			isa = PBXProject;
			attributes = {
				KnownAssetTags = (
					tasklists,
				);
				LastSwiftUpdateCheck = 0940;
				LastUpgradeCheck = 0940;
				ORGANIZATIONNAME = "Takayuki Nakayama";
				TargetAttributes = {
					40ECB55A2122FBCE00F03744 = {
						CreatedOnToolsVersion = 9.4.1;
						SystemCapabilities = {
							com.apple.Sandbox = {
								enabled = 0;
							};
						};
					};
				};
			};
			buildConfigurationList = 40ECB5562122FBCE00F03744 /* Build configuration list for PBXProject "tasks-on-bar" */;
			compatibilityVersion = "Xcode 9.3";
			developmentRegion = en;
			hasScannedForEncodings = 0;
			knownRegions = (
				en,
				Base,
			);
			mainGroup = 40ECB5522122FBCE00F03744;
			productRefGroup = 40ECB55C2122FBCE00F03744 /* Products */;
			projectDirPath = "";
			projectRoot = "";
			targets = (
				40ECB55A2122FBCE00F03744 /* tasks-on-bar */,
			);
		};
/* End PBXProject section */

/* Begin PBXResourcesBuildPhase section */
		40ECB5592122FBCE00F03744 /* Resources */ = {
			isa = PBXResourcesBuildPhase;
			buildActionMask = 2147483647;
			files = (
				40ECB5632122FBD000F03744 /* Assets.xcassets in Resources */,
				40ECB5662122FBD000F03744 /* Main.storyboard in Resources */,
			);
			runOnlyForDeploymentPostprocessing = 0;
		};
/* End PBXResourcesBuildPhase section */

/* Begin PBXShellScriptBuildPhase section */
		40F5AB812125507A000EB383 /* ShellScript */ = {
			isa = PBXShellScriptBuildPhase;
			buildActionMask = 2147483647;
			files = (
			);
			inputPaths = (
				"$(SRCROOT)/Carthage/Build/Mac/OAuth2.framework",
			);
			outputPaths = (
			);
			runOnlyForDeploymentPostprocessing = 0;
			shellPath = /bin/sh;
			shellScript = "/usr/local/bin/carthage copy-frameworks";
		};
/* End PBXShellScriptBuildPhase section */

/* Begin PBXSourcesBuildPhase section */
		40ECB5572122FBCE00F03744 /* Sources */ = {
			isa = PBXSourcesBuildPhase;
			buildActionMask = 2147483647;
			files = (
				40ECB5612122FBCE00F03744 /* ViewController.swift in Sources */,
				40F5AB8C21256187000EB383 /* secret.swift in Sources */,
				40F5AB7B212534D0000EB383 /* Tasks.swift in Sources */,
				40ECB55F2122FBCE00F03744 /* AppDelegate.swift in Sources */,
			);
			runOnlyForDeploymentPostprocessing = 0;
		};
/* End PBXSourcesBuildPhase section */

/* Begin PBXVariantGroup section */
		40ECB5642122FBD000F03744 /* Main.storyboard */ = {
			isa = PBXVariantGroup;
			children = (
				40ECB5652122FBD000F03744 /* Base */,
			);
			name = Main.storyboard;
			sourceTree = "<group>";
		};
/* End PBXVariantGroup section */

/* Begin XCBuildConfiguration section */
		40ECB57F2122FBD000F03744 /* Debug */ = {
			isa = XCBuildConfiguration;
			buildSettings = {
				ALWAYS_SEARCH_USER_PATHS = NO;
				CLANG_ANALYZER_NONNULL = YES;
				CLANG_ANALYZER_NUMBER_OBJECT_CONVERSION = YES_AGGRESSIVE;
				CLANG_CXX_LANGUAGE_STANDARD = "gnu++14";
				CLANG_CXX_LIBRARY = "libc++";
				CLANG_ENABLE_MODULES = YES;
				CLANG_ENABLE_OBJC_ARC = YES;
				CLANG_ENABLE_OBJC_WEAK = YES;
				CLANG_WARN_BLOCK_CAPTURE_AUTORELEASING = YES;
				CLANG_WARN_BOOL_CONVERSION = YES;
				CLANG_WARN_COMMA = YES;
				CLANG_WARN_CONSTANT_CONVERSION = YES;
				CLANG_WARN_DEPRECATED_OBJC_IMPLEMENTATIONS = YES;
				CLANG_WARN_DIRECT_OBJC_ISA_USAGE = YES_ERROR;
				CLANG_WARN_DOCUMENTATION_COMMENTS = YES;
				CLANG_WARN_EMPTY_BODY = YES;
				CLANG_WARN_ENUM_CONVERSION = YES;
				CLANG_WARN_INFINITE_RECURSION = YES;
				CLANG_WARN_INT_CONVERSION = YES;
				CLANG_WARN_NON_LITERAL_NULL_CONVERSION = YES;
				CLANG_WARN_OBJC_IMPLICIT_RETAIN_SELF = YES;
				CLANG_WARN_OBJC_LITERAL_CONVERSION = YES;
				CLANG_WARN_OBJC_ROOT_CLASS = YES_ERROR;
				CLANG_WARN_RANGE_LOOP_ANALYSIS = YES;
				CLANG_WARN_STRICT_PROTOTYPES = YES;
				CLANG_WARN_SUSPICIOUS_MOVE = YES;
				CLANG_WARN_UNGUARDED_AVAILABILITY = YES_AGGRESSIVE;
				CLANG_WARN_UNREACHABLE_CODE = YES;
				CLANG_WARN__DUPLICATE_METHOD_MATCH = YES;
				CODE_SIGN_IDENTITY = "-";
				COPY_PHASE_STRIP = NO;
				DEBUG_INFORMATION_FORMAT = dwarf;
				ENABLE_STRICT_OBJC_MSGSEND = YES;
				ENABLE_TESTABILITY = YES;
				GCC_C_LANGUAGE_STANDARD = gnu11;
				GCC_DYNAMIC_NO_PIC = NO;
				GCC_NO_COMMON_BLOCKS = YES;
				GCC_OPTIMIZATION_LEVEL = 0;
				GCC_PREPROCESSOR_DEFINITIONS = (
					"DEBUG=1",
					"$(inherited)",
				);
				GCC_WARN_64_TO_32_BIT_CONVERSION = YES;
				GCC_WARN_ABOUT_RETURN_TYPE = YES_ERROR;
				GCC_WARN_UNDECLARED_SELECTOR = YES;
				GCC_WARN_UNINITIALIZED_AUTOS = YES_AGGRESSIVE;
				GCC_WARN_UNUSED_FUNCTION = YES;
				GCC_WARN_UNUSED_VARIABLE = YES;
				MACOSX_DEPLOYMENT_TARGET = 10.13;
				MTL_ENABLE_DEBUG_INFO = YES;
				ONLY_ACTIVE_ARCH = YES;
				SDKROOT = macosx;
				SWIFT_ACTIVE_COMPILATION_CONDITIONS = DEBUG;
				SWIFT_OPTIMIZATION_LEVEL = "-Onone";
			};
			name = Debug;
		};
		40ECB5802122FBD000F03744 /* Release */ = {
			isa = XCBuildConfiguration;
			buildSettings = {
				ALWAYS_SEARCH_USER_PATHS = NO;
				CLANG_ANALYZER_NONNULL = YES;
				CLANG_ANALYZER_NUMBER_OBJECT_CONVERSION = YES_AGGRESSIVE;
				CLANG_CXX_LANGUAGE_STANDARD = "gnu++14";
				CLANG_CXX_LIBRARY = "libc++";
				CLANG_ENABLE_MODULES = YES;
				CLANG_ENABLE_OBJC_ARC = YES;
				CLANG_ENABLE_OBJC_WEAK = YES;
				CLANG_WARN_BLOCK_CAPTURE_AUTORELEASING = YES;
				CLANG_WARN_BOOL_CONVERSION = YES;
				CLANG_WARN_COMMA = YES;
				CLANG_WARN_CONSTANT_CONVERSION = YES;
				CLANG_WARN_DEPRECATED_OBJC_IMPLEMENTATIONS = YES;
				CLANG_WARN_DIRECT_OBJC_ISA_USAGE = YES_ERROR;
				CLANG_WARN_DOCUMENTATION_COMMENTS = YES;
				CLANG_WARN_EMPTY_BODY = YES;
				CLANG_WARN_ENUM_CONVERSION = YES;
				CLANG_WARN_INFINITE_RECURSION = YES;
				CLANG_WARN_INT_CONVERSION = YES;
				CLANG_WARN_NON_LITERAL_NULL_CONVERSION = YES;
				CLANG_WARN_OBJC_IMPLICIT_RETAIN_SELF = YES;
				CLANG_WARN_OBJC_LITERAL_CONVERSION = YES;
				CLANG_WARN_OBJC_ROOT_CLASS = YES_ERROR;
				CLANG_WARN_RANGE_LOOP_ANALYSIS = YES;
				CLANG_WARN_STRICT_PROTOTYPES = YES;
				CLANG_WARN_SUSPICIOUS_MOVE = YES;
				CLANG_WARN_UNGUARDED_AVAILABILITY = YES_AGGRESSIVE;
				CLANG_WARN_UNREACHABLE_CODE = YES;
				CLANG_WARN__DUPLICATE_METHOD_MATCH = YES;
				CODE_SIGN_IDENTITY = "-";
				COPY_PHASE_STRIP = NO;
				DEBUG_INFORMATION_FORMAT = "dwarf-with-dsym";
				ENABLE_NS_ASSERTIONS = NO;
				ENABLE_STRICT_OBJC_MSGSEND = YES;
				GCC_C_LANGUAGE_STANDARD = gnu11;
				GCC_NO_COMMON_BLOCKS = YES;
				GCC_WARN_64_TO_32_BIT_CONVERSION = YES;
				GCC_WARN_ABOUT_RETURN_TYPE = YES_ERROR;
				GCC_WARN_UNDECLARED_SELECTOR = YES;
				GCC_WARN_UNINITIALIZED_AUTOS = YES_AGGRESSIVE;
				GCC_WARN_UNUSED_FUNCTION = YES;
				GCC_WARN_UNUSED_VARIABLE = YES;
				MACOSX_DEPLOYMENT_TARGET = 10.13;
				MTL_ENABLE_DEBUG_INFO = NO;
				SDKROOT = macosx;
				SWIFT_COMPILATION_MODE = wholemodule;
				SWIFT_OPTIMIZATION_LEVEL = "-O";
			};
			name = Release;
		};
		40ECB5822122FBD000F03744 /* Debug */ = {
			isa = XCBuildConfiguration;
			buildSettings = {
				ASSETCATALOG_COMPILER_APPICON_NAME = AppIcon;
				CODE_SIGN_STYLE = Automatic;
				COMBINE_HIDPI_IMAGES = YES;
				FRAMEWORK_SEARCH_PATHS = (
					"$(inherited)",
					"$(PROJECT_DIR)/Carthage/Build/Mac",
				);
				INFOPLIST_FILE = "tasks-on-bar/Info.plist";
				LD_RUNPATH_SEARCH_PATHS = (
					"$(inherited)",
					"@executable_path/../Frameworks",
				);
				PRODUCT_BUNDLE_IDENTIFIER = "takanakahiko.tasks-on-bar";
				PRODUCT_NAME = "$(TARGET_NAME)";
				SWIFT_VERSION = 4.0;
			};
			name = Debug;
		};
		40ECB5832122FBD000F03744 /* Release */ = {
			isa = XCBuildConfiguration;
			buildSettings = {
				ASSETCATALOG_COMPILER_APPICON_NAME = AppIcon;
				CODE_SIGN_STYLE = Automatic;
				COMBINE_HIDPI_IMAGES = YES;
				FRAMEWORK_SEARCH_PATHS = (
					"$(inherited)",
					"$(PROJECT_DIR)/Carthage/Build/Mac",
				);
				INFOPLIST_FILE = "tasks-on-bar/Info.plist";
				LD_RUNPATH_SEARCH_PATHS = (
					"$(inherited)",
					"@executable_path/../Frameworks",
				);
				PRODUCT_BUNDLE_IDENTIFIER = "takanakahiko.tasks-on-bar";
				PRODUCT_NAME = "$(TARGET_NAME)";
				SWIFT_VERSION = 4.0;
			};
			name = Release;
		};
/* End XCBuildConfiguration section */

/* Begin XCConfigurationList section */
		40ECB5562122FBCE00F03744 /* Build configuration list for PBXProject "tasks-on-bar" */ = {
			isa = XCConfigurationList;
			buildConfigurations = (
				40ECB57F2122FBD000F03744 /* Debug */,
				40ECB5802122FBD000F03744 /* Release */,
			);
			defaultConfigurationIsVisible = 0;
			defaultConfigurationName = Release;
		};
		40ECB5812122FBD000F03744 /* Build configuration list for PBXNativeTarget "tasks-on-bar" */ = {
			isa = XCConfigurationList;
			buildConfigurations = (
				40ECB5822122FBD000F03744 /* Debug */,
				40ECB5832122FBD000F03744 /* Release */,
			);
			defaultConfigurationIsVisible = 0;
			defaultConfigurationName = Release;
		};
/* End XCConfigurationList section */
	};
	rootObject = 40ECB5532122FBCE00F03744 /* Project object */;
}
